// !$*UTF8*$!
{
	archiveVersion = 1;
	classes = {
	};
	objectVersion = 50;
	objects = {

/* Begin PBXBuildFile section */
		4D34FB022699674A00C23A65 /* AppDelegate.swift in Sources */ = {isa = PBXBuildFile; fileRef = 4D34FB012699674A00C23A65 /* AppDelegate.swift */; };
		4D34FB042699674A00C23A65 /* SceneDelegate.swift in Sources */ = {isa = PBXBuildFile; fileRef = 4D34FB032699674A00C23A65 /* SceneDelegate.swift */; };
		4D34FB092699674A00C23A65 /* Main.storyboard in Resources */ = {isa = PBXBuildFile; fileRef = 4D34FB072699674A00C23A65 /* Main.storyboard */; };
		4D34FB0C2699674A00C23A65 /* ________.xcdatamodeld in Sources */ = {isa = PBXBuildFile; fileRef = 4D34FB0A2699674A00C23A65 /* ________.xcdatamodeld */; };
		4D34FB0E2699674E00C23A65 /* Assets.xcassets in Resources */ = {isa = PBXBuildFile; fileRef = 4D34FB0D2699674E00C23A65 /* Assets.xcassets */; };
		4D34FB112699674E00C23A65 /* LaunchScreen.storyboard in Resources */ = {isa = PBXBuildFile; fileRef = 4D34FB0F2699674E00C23A65 /* LaunchScreen.storyboard */; };
		4D34FB19269967AB00C23A65 /* FavoriteViewController.swift in Sources */ = {isa = PBXBuildFile; fileRef = 4D34FB18269967AB00C23A65 /* FavoriteViewController.swift */; };
		4D34FB1B269967BC00C23A65 /* SelectViewController.swift in Sources */ = {isa = PBXBuildFile; fileRef = 4D34FB1A269967BC00C23A65 /* SelectViewController.swift */; };
		4D34FB1D26996A2800C23A65 /* animal.swift in Sources */ = {isa = PBXBuildFile; fileRef = 4D34FB1C26996A2800C23A65 /* animal.swift */; };
		4D34FB1F2699722600C23A65 /* AnimalDataViewController.swift in Sources */ = {isa = PBXBuildFile; fileRef = 4D34FB1E2699722600C23A65 /* AnimalDataViewController.swift */; };
/* End PBXBuildFile section */

/* Begin PBXFileReference section */
		4D34FAFE2699674A00C23A65 /* 代理人傳資料練習.app */ = {isa = PBXFileReference; explicitFileType = wrapper.application; includeInIndex = 0; path = "代理人傳資料練習.app"; sourceTree = BUILT_PRODUCTS_DIR; };
		4D34FB012699674A00C23A65 /* AppDelegate.swift */ = {isa = PBXFileReference; lastKnownFileType = sourcecode.swift; path = AppDelegate.swift; sourceTree = "<group>"; };
		4D34FB032699674A00C23A65 /* SceneDelegate.swift */ = {isa = PBXFileReference; lastKnownFileType = sourcecode.swift; path = SceneDelegate.swift; sourceTree = "<group>"; };
		4D34FB082699674A00C23A65 /* Base */ = {isa = PBXFileReference; lastKnownFileType = file.storyboard; name = Base; path = Base.lproj/Main.storyboard; sourceTree = "<group>"; };
		4D34FB0B2699674A00C23A65 /* ________.xcdatamodel */ = {isa = PBXFileReference; lastKnownFileType = wrapper.xcdatamodel; path = "________.xcdatamodel"; sourceTree = "<group>"; };
		4D34FB0D2699674E00C23A65 /* Assets.xcassets */ = {isa = PBXFileReference; lastKnownFileType = folder.assetcatalog; path = Assets.xcassets; sourceTree = "<group>"; };
		4D34FB102699674E00C23A65 /* Base */ = {isa = PBXFileReference; lastKnownFileType = file.storyboard; name = Base; path = Base.lproj/LaunchScreen.storyboard; sourceTree = "<group>"; };
		4D34FB122699674E00C23A65 /* Info.plist */ = {isa = PBXFileReference; lastKnownFileType = text.plist.xml; path = Info.plist; sourceTree = "<group>"; };
		4D34FB18269967AB00C23A65 /* FavoriteViewController.swift */ = {isa = PBXFileReference; lastKnownFileType = sourcecode.swift; path = FavoriteViewController.swift; sourceTree = "<group>"; };
		4D34FB1A269967BC00C23A65 /* SelectViewController.swift */ = {isa = PBXFileReference; lastKnownFileType = sourcecode.swift; path = SelectViewController.swift; sourceTree = "<group>"; };
		4D34FB1C26996A2800C23A65 /* animal.swift */ = {isa = PBXFileReference; lastKnownFileType = sourcecode.swift; path = animal.swift; sourceTree = "<group>"; };
		4D34FB1E2699722600C23A65 /* AnimalDataViewController.swift */ = {isa = PBXFileReference; lastKnownFileType = sourcecode.swift; path = AnimalDataViewController.swift; sourceTree = "<group>"; };
/* End PBXFileReference section */

/* Begin PBXFrameworksBuildPhase section */
		4D34FAFB2699674A00C23A65 /* Frameworks */ = {
			isa = PBXFrameworksBuildPhase;
			buildActionMask = 2147483647;
			files = (
			);
			runOnlyForDeploymentPostprocessing = 0;
		};
/* End PBXFrameworksBuildPhase section */

/* Begin PBXGroup section */
		4D34FAF52699674A00C23A65 = {
			isa = PBXGroup;
			children = (
				4D34FB002699674A00C23A65 /* 代理人傳資料練習 */,
				4D34FAFF2699674A00C23A65 /* Products */,
			);
			sourceTree = "<group>";
		};
		4D34FAFF2699674A00C23A65 /* Products */ = {
			isa = PBXGroup;
			children = (
				4D34FAFE2699674A00C23A65 /* 代理人傳資料練習.app */,
			);
			name = Products;
			sourceTree = "<group>";
		};
		4D34FB002699674A00C23A65 /* 代理人傳資料練習 */ = {
			isa = PBXGroup;
			children = (
				4D34FB012699674A00C23A65 /* AppDelegate.swift */,
				4D34FB032699674A00C23A65 /* SceneDelegate.swift */,
				4D34FB072699674A00C23A65 /* Main.storyboard */,
				4D34FB18269967AB00C23A65 /* FavoriteViewController.swift */,
				4D34FB1A269967BC00C23A65 /* SelectViewController.swift */,
				4D34FB1E2699722600C23A65 /* AnimalDataViewController.swift */,
				4D34FB1C26996A2800C23A65 /* animal.swift */,
				4D34FB0D2699674E00C23A65 /* Assets.xcassets */,
				4D34FB0F2699674E00C23A65 /* LaunchScreen.storyboard */,
				4D34FB122699674E00C23A65 /* Info.plist */,
				4D34FB0A2699674A00C23A65 /* ________.xcdatamodeld */,
			);
			path = "代理人傳資料練習";
			sourceTree = "<group>";
		};
/* End PBXGroup section */

/* Begin PBXNativeTarget section */
		4D34FAFD2699674A00C23A65 /* 代理人傳資料練習 */ = {
			isa = PBXNativeTarget;
			buildConfigurationList = 4D34FB152699674E00C23A65 /* Build configuration list for PBXNativeTarget "代理人傳資料練習" */;
			buildPhases = (
				4D34FAFA2699674A00C23A65 /* Sources */,
				4D34FAFB2699674A00C23A65 /* Frameworks */,
				4D34FAFC2699674A00C23A65 /* Resources */,
			);
			buildRules = (
			);
			dependencies = (
			);
			name = "代理人傳資料練習";
			productName = "代理人傳資料練習";
			productReference = 4D34FAFE2699674A00C23A65 /* 代理人傳資料練習.app */;
			productType = "com.apple.product-type.application";
		};
/* End PBXNativeTarget section */

/* Begin PBXProject section */
		4D34FAF62699674A00C23A65 /* Project object */ = {
			isa = PBXProject;
			attributes = {
				LastSwiftUpdateCheck = 1250;
				LastUpgradeCheck = 1250;
				TargetAttributes = {
					4D34FAFD2699674A00C23A65 = {
						CreatedOnToolsVersion = 12.5.1;
					};
				};
			};
			buildConfigurationList = 4D34FAF92699674A00C23A65 /* Build configuration list for PBXProject "代理人傳資料練習" */;
			compatibilityVersion = "Xcode 9.3";
			developmentRegion = en;
			hasScannedForEncodings = 0;
			knownRegions = (
				en,
				Base,
			);
			mainGroup = 4D34FAF52699674A00C23A65;
			productRefGroup = 4D34FAFF2699674A00C23A65 /* Products */;
			projectDirPath = "";
			projectRoot = "";
			targets = (
				4D34FAFD2699674A00C23A65 /* 代理人傳資料練習 */,
			);
		};
/* End PBXProject section */

/* Begin PBXResourcesBuildPhase section */
		4D34FAFC2699674A00C23A65 /* Resources */ = {
			isa = PBXResourcesBuildPhase;
			buildActionMask = 2147483647;
			files = (
				4D34FB112699674E00C23A65 /* LaunchScreen.storyboard in Resources */,
				4D34FB0E2699674E00C23A65 /* Assets.xcassets in Resources */,
				4D34FB092699674A00C23A65 /* Main.storyboard in Resources */,
			);
			runOnlyForDeploymentPostprocessing = 0;
		};
/* End PBXResourcesBuildPhase section */

/* Begin PBXSourcesBuildPhase section */
		4D34FAFA2699674A00C23A65 /* Sources */ = {
			isa = PBXSourcesBuildPhase;
			buildActionMask = 2147483647;
			files = (
				4D34FB1B269967BC00C23A65 /* SelectViewController.swift in Sources */,
				4D34FB0C2699674A00C23A65 /* ________.xcdatamodeld in Sources */,
				4D34FB022699674A00C23A65 /* AppDelegate.swift in Sources */,
				4D34FB19269967AB00C23A65 /* FavoriteViewController.swift in Sources */,
				4D34FB042699674A00C23A65 /* SceneDelegate.swift in Sources */,
				4D34FB1D26996A2800C23A65 /* animal.swift in Sources */,
				4D34FB1F2699722600C23A65 /* AnimalDataViewController.swift in Sources */,
			);
			runOnlyForDeploymentPostprocessing = 0;
		};
/* End PBXSourcesBuildPhase section */

/* Begin PBXVariantGroup section */
		4D34FB072699674A00C23A65 /* Main.storyboard */ = {
			isa = PBXVariantGroup;
			children = (
				4D34FB082699674A00C23A65 /* Base */,
			);
			name = Main.storyboard;
			sourceTree = "<group>";
		};
		4D34FB0F2699674E00C23A65 /* LaunchScreen.storyboard */ = {
			isa = PBXVariantGroup;
			children = (
				4D34FB102699674E00C23A65 /* Base */,
			);
			name = LaunchScreen.storyboard;
			sourceTree = "<group>";
		};
/* End PBXVariantGroup section */

/* Begin XCBuildConfiguration section */
		4D34FB132699674E00C23A65 /* Debug */ = {
			isa = XCBuildConfiguration;
			buildSettings = {
				ALWAYS_SEARCH_USER_PATHS = NO;
				CLANG_ANALYZER_NONNULL = YES;
				CLANG_ANALYZER_NUMBER_OBJECT_CONVERSION = YES_AGGRESSIVE;
				CLANG_CXX_LANGUAGE_STANDARD = "gnu++14";
				CLANG_CXX_LIBRARY = "libc++";
				CLANG_ENABLE_MODULES = YES;
				CLANG_ENABLE_OBJC_ARC = YES;
				CLANG_ENABLE_OBJC_WEAK = YES;
				CLANG_WARN_BLOCK_CAPTURE_AUTORELEASING = YES;
				CLANG_WARN_BOOL_CONVERSION = YES;
				CLANG_WARN_COMMA = YES;
				CLANG_WARN_CONSTANT_CONVERSION = YES;
				CLANG_WARN_DEPRECATED_OBJC_IMPLEMENTATIONS = YES;
				CLANG_WARN_DIRECT_OBJC_ISA_USAGE = YES_ERROR;
				CLANG_WARN_DOCUMENTATION_COMMENTS = YES;
				CLANG_WARN_EMPTY_BODY = YES;
				CLANG_WARN_ENUM_CONVERSION = YES;
				CLANG_WARN_INFINITE_RECURSION = YES;
				CLANG_WARN_INT_CONVERSION = YES;
				CLANG_WARN_NON_LITERAL_NULL_CONVERSION = YES;
				CLANG_WARN_OBJC_IMPLICIT_RETAIN_SELF = YES;
				CLANG_WARN_OBJC_LITERAL_CONVERSION = YES;
				CLANG_WARN_OBJC_ROOT_CLASS = YES_ERROR;
				CLANG_WARN_QUOTED_INCLUDE_IN_FRAMEWORK_HEADER = YES;
				CLANG_WARN_RANGE_LOOP_ANALYSIS = YES;
				CLANG_WARN_STRICT_PROTOTYPES = YES;
				CLANG_WARN_SUSPICIOUS_MOVE = YES;
				CLANG_WARN_UNGUARDED_AVAILABILITY = YES_AGGRESSIVE;
				CLANG_WARN_UNREACHABLE_CODE = YES;
				CLANG_WARN__DUPLICATE_METHOD_MATCH = YES;
				COPY_PHASE_STRIP = NO;
				DEBUG_INFORMATION_FORMAT = dwarf;
				ENABLE_STRICT_OBJC_MSGSEND = YES;
				ENABLE_TESTABILITY = YES;
				GCC_C_LANGUAGE_STANDARD = gnu11;
				GCC_DYNAMIC_NO_PIC = NO;
				GCC_NO_COMMON_BLOCKS = YES;
				GCC_OPTIMIZATION_LEVEL = 0;
				GCC_PREPROCESSOR_DEFINITIONS = (
					"DEBUG=1",
					"$(inherited)",
				);
				GCC_WARN_64_TO_32_BIT_CONVERSION = YES;
				GCC_WARN_ABOUT_RETURN_TYPE = YES_ERROR;
				GCC_WARN_UNDECLARED_SELECTOR = YES;
				GCC_WARN_UNINITIALIZED_AUTOS = YES_AGGRESSIVE;
				GCC_WARN_UNUSED_FUNCTION = YES;
				GCC_WARN_UNUSED_VARIABLE = YES;
				IPHONEOS_DEPLOYMENT_TARGET = 14.5;
				MTL_ENABLE_DEBUG_INFO = INCLUDE_SOURCE;
				MTL_FAST_MATH = YES;
				ONLY_ACTIVE_ARCH = YES;
				SDKROOT = iphoneos;
				SWIFT_ACTIVE_COMPILATION_CONDITIONS = DEBUG;
				SWIFT_OPTIMIZATION_LEVEL = "-Onone";
			};
			name = Debug;
		};
		4D34FB142699674E00C23A65 /* Release */ = {
			isa = XCBuildConfiguration;
			buildSettings = {
				ALWAYS_SEARCH_USER_PATHS = NO;
				CLANG_ANALYZER_NONNULL = YES;
				CLANG_ANALYZER_NUMBER_OBJECT_CONVERSION = YES_AGGRESSIVE;
				CLANG_CXX_LANGUAGE_STANDARD = "gnu++14";
				CLANG_CXX_LIBRARY = "libc++";
				CLANG_ENABLE_MODULES = YES;
				CLANG_ENABLE_OBJC_ARC = YES;
				CLANG_ENABLE_OBJC_WEAK = YES;
				CLANG_WARN_BLOCK_CAPTURE_AUTORELEASING = YES;
				CLANG_WARN_BOOL_CONVERSION = YES;
				CLANG_WARN_COMMA = YES;
				CLANG_WARN_CONSTANT_CONVERSION = YES;
				CLANG_WARN_DEPRECATED_OBJC_IMPLEMENTATIONS = YES;
				CLANG_WARN_DIRECT_OBJC_ISA_USAGE = YES_ERROR;
				CLANG_WARN_DOCUMENTATION_COMMENTS = YES;
				CLANG_WARN_EMPTY_BODY = YES;
				CLANG_WARN_ENUM_CONVERSION = YES;
				CLANG_WARN_INFINITE_RECURSION = YES;
				CLANG_WARN_INT_CONVERSION = YES;
				CLANG_WARN_NON_LITERAL_NULL_CONVERSION = YES;
				CLANG_WARN_OBJC_IMPLICIT_RETAIN_SELF = YES;
				CLANG_WARN_OBJC_LITERAL_CONVERSION = YES;
				CLANG_WARN_OBJC_ROOT_CLASS = YES_ERROR;
				CLANG_WARN_QUOTED_INCLUDE_IN_FRAMEWORK_HEADER = YES;
				CLANG_WARN_RANGE_LOOP_ANALYSIS = YES;
				CLANG_WARN_STRICT_PROTOTYPES = YES;
				CLANG_WARN_SUSPICIOUS_MOVE = YES;
				CLANG_WARN_UNGUARDED_AVAILABILITY = YES_AGGRESSIVE;
				CLANG_WARN_UNREACHABLE_CODE = YES;
				CLANG_WARN__DUPLICATE_METHOD_MATCH = YES;
				COPY_PHASE_STRIP = NO;
				DEBUG_INFORMATION_FORMAT = "dwarf-with-dsym";
				ENABLE_NS_ASSERTIONS = NO;
				ENABLE_STRICT_OBJC_MSGSEND = YES;
				GCC_C_LANGUAGE_STANDARD = gnu11;
				GCC_NO_COMMON_BLOCKS = YES;
				GCC_WARN_64_TO_32_BIT_CONVERSION = YES;
				GCC_WARN_ABOUT_RETURN_TYPE = YES_ERROR;
				GCC_WARN_UNDECLARED_SELECTOR = YES;
				GCC_WARN_UNINITIALIZED_AUTOS = YES_AGGRESSIVE;
				GCC_WARN_UNUSED_FUNCTION = YES;
				GCC_WARN_UNUSED_VARIABLE = YES;
				IPHONEOS_DEPLOYMENT_TARGET = 14.5;
				MTL_ENABLE_DEBUG_INFO = NO;
				MTL_FAST_MATH = YES;
				SDKROOT = iphoneos;
				SWIFT_COMPILATION_MODE = wholemodule;
				SWIFT_OPTIMIZATION_LEVEL = "-O";
				VALIDATE_PRODUCT = YES;
			};
			name = Release;
		};
		4D34FB162699674E00C23A65 /* Debug */ = {
			isa = XCBuildConfiguration;
			buildSettings = {
				ASSETCATALOG_COMPILER_APPICON_NAME = AppIcon;
				ASSETCATALOG_COMPILER_GLOBAL_ACCENT_COLOR_NAME = AccentColor;
				CODE_SIGN_STYLE = Automatic;
				DEVELOPMENT_TEAM = KWKVL4YQWY;
				INFOPLIST_FILE = "代理人傳資料練習/Info.plist";
				LD_RUNPATH_SEARCH_PATHS = (
					"$(inherited)",
					"@executable_path/Frameworks",
				);
				PRODUCT_BUNDLE_IDENTIFIER = "com.will.--------";
				PRODUCT_NAME = "$(TARGET_NAME)";
				SWIFT_VERSION = 5.0;
				TARGETED_DEVICE_FAMILY = "1,2";
			};
			name = Debug;
		};
		4D34FB172699674E00C23A65 /* Release */ = {
			isa = XCBuildConfiguration;
			buildSettings = {
				ASSETCATALOG_COMPILER_APPICON_NAME = AppIcon;
				ASSETCATALOG_COMPILER_GLOBAL_ACCENT_COLOR_NAME = AccentColor;
				CODE_SIGN_STYLE = Automatic;
				DEVELOPMENT_TEAM = KWKVL4YQWY;
				INFOPLIST_FILE = "代理人傳資料練習/Info.plist";
				LD_RUNPATH_SEARCH_PATHS = (
					"$(inherited)",
					"@executable_path/Frameworks",
				);
				PRODUCT_BUNDLE_IDENTIFIER = "com.will.--------";
				PRODUCT_NAME = "$(TARGET_NAME)";
				SWIFT_VERSION = 5.0;
				TARGETED_DEVICE_FAMILY = "1,2";
			};
			name = Release;
		};
/* End XCBuildConfiguration section */

/* Begin XCConfigurationList section */
		4D34FAF92699674A00C23A65 /* Build configuration list for PBXProject "代理人傳資料練習" */ = {
			isa = XCConfigurationList;
			buildConfigurations = (
				4D34FB132699674E00C23A65 /* Debug */,
				4D34FB142699674E00C23A65 /* Release */,
			);
			defaultConfigurationIsVisible = 0;
			defaultConfigurationName = Release;
		};
		4D34FB152699674E00C23A65 /* Build configuration list for PBXNativeTarget "代理人傳資料練習" */ = {
			isa = XCConfigurationList;
			buildConfigurations = (
				4D34FB162699674E00C23A65 /* Debug */,
				4D34FB172699674E00C23A65 /* Release */,
			);
			defaultConfigurationIsVisible = 0;
			defaultConfigurationName = Release;
		};
/* End XCConfigurationList section */

/* Begin XCVersionGroup section */
		4D34FB0A2699674A00C23A65 /* ________.xcdatamodeld */ = {
			isa = XCVersionGroup;
			children = (
				4D34FB0B2699674A00C23A65 /* ________.xcdatamodel */,
			);
			currentVersion = 4D34FB0B2699674A00C23A65 /* ________.xcdatamodel */;
			path = "________.xcdatamodeld";
			sourceTree = "<group>";
			versionGroupType = wrapper.xcdatamodel;
		};
/* End XCVersionGroup section */
	};
	rootObject = 4D34FAF62699674A00C23A65 /* Project object */;
}
